PODS:
  - eIDRTC (1.1.34)
  - IdensicMobileSDK (1.25.0)
  - PayWingsOAuthSDK (1.2.2)
  - PayWingsOnboardingKYC (5.1.8):
    - VideoID (= 7.1.31)
  - R.swift (6.1.0):
    - R.swift.Library (~> 5.3.0)
  - R.swift.Library (5.3.0)
  - SCard (1.0.0):
    - IdensicMobileSDK
    - PayWingsOAuthSDK (= 1.2.2)
    - PayWingsOnboardingKYC (= 5.1.8)
    - R.swift (~> 6.1.0)
    - SnapKit
    - SoraUIKit (~> 1.0.1)
  - SnapKit (5.6.0)
  - SoraUIKit (1.0.1)
  - VideoID (7.1.31):
    - eIDRTC (= 1.1.34)

DEPENDENCIES:
  - "IdensicMobileSDK (from `{:http=>\"https://github.com/PayWings/PayWingsOnboardingKycSDK-iOS-IdensicMobile/archive/v2.2.1.tar.gz\"}`)"
  - R.swift (~> 6.1.0)
  - SCard (from `../`)
  - SoraUIKit (from `https://github.com/soramitsu/ios-ui.git`, tag `1.0.1`)

SPEC REPOS:
  trunk:
    - eIDRTC
    - PayWingsOAuthSDK
    - PayWingsOnboardingKYC
    - R.swift
    - R.swift.Library
    - SnapKit
    - VideoID

EXTERNAL SOURCES:
  IdensicMobileSDK:
    :http: https://github.com/PayWings/PayWingsOnboardingKycSDK-iOS-IdensicMobile/archive/v2.2.1.tar.gz
  SCard:
    :path: "../"
  SoraUIKit:
    :git: https://github.com/soramitsu/ios-ui.git
    :tag: 1.0.1

CHECKOUT OPTIONS:
  IdensicMobileSDK:
    :http: https://github.com/PayWings/PayWingsOnboardingKycSDK-iOS-IdensicMobile/archive/v2.2.1.tar.gz
  SoraUIKit:
    :git: https://github.com/soramitsu/ios-ui.git
    :tag: 1.0.1

SPEC CHECKSUMS:
  eIDRTC: debca63e4c367be509c77292df65b9527d695f10
  IdensicMobileSDK: 724b75dbb204a9c1ae1dafe5c1366b8aeb00b6cf
  PayWingsOAuthSDK: 97c104c6efa982313fd515c22339279f24ac3461
  PayWingsOnboardingKYC: 8030f3170eff419c6a218d654a6f9891d5d7d4c2
  R.swift: ec98ff71c4ab2f6fd01dd077e5afd15e63a4834c
  R.swift.Library: 0fc583cb55a99e28901299cc451614cad1161962
  SCard: 7926a8db44fb0b8515a14590bf6d2d5a13163cf6
  SnapKit: e01d52ebb8ddbc333eefe2132acf85c8227d9c25
  SoraUIKit: d23f2c122974e5700c8c646ba4d314fa3db12f6f
  VideoID: d48d4f30f79f12229421a09e65692561960dc5b5

PODFILE CHECKSUM: 9e87a4674ec2bfb36eb3b6abd51e463a4a8905a2

COCOAPODS: 1.12.1
